
Microsoft Visual Studio Solution File, Format Version 12.00
# Visual Studio Version 16
VisualStudioVersion = 16.0.30503.244
MinimumVisualStudioVersion = 10.0.40219.1
Project("{FAE04EC0-301F-11D3-BF4B-00C04F79EFBC}") = "MicroChatServer", "MicroChatServer\MicroChatServer.csproj", "{F3B77459-91A1-43E1-BAE1-02D393416807}"
EndProject
Global
	GlobalSection(SolutionConfigurationPlatforms) = preSolution
		Debug|Any CPU = Debug|Any CPU
		Release|Any CPU = Release|Any CPU
	EndGlobalSection
	GlobalSection(ProjectConfigurationPlatforms) = postSolution
		{F3B77459-91A1-43E1-BAE1-02D393416807}.Debug|Any CPU.ActiveCfg = Debug|Any CPU
		{F3B77459-91A1-43E1-BAE1-02D393416807}.Debug|Any CPU.Build.0 = Debug|Any CPU
		{F3B77459-91A1-43E1-BAE1-02D393416807}.Release|Any CPU.ActiveCfg = Release|Any CPU
		{F3B77459-91A1-43E1-BAE1-02D393416807}.Release|Any CPU.Build.0 = Release|Any CPU
	EndGlobalSection
	GlobalSection(SolutionProperties) = preSolution
		HideSolutionNode = FALSE
	EndGlobalSection
	GlobalSection(ExtensibilityGlobals) = postSolution
		SolutionGuid = {9342E040-5A97-4266-A7B3-A6D8A1AE5E07}
	EndGlobalSection
EndGlobal
